
Microsoft Visual Studio Solution File, Format Version 12.00
# Visual Studio 14
VisualStudioVersion = 14.0.25420.1
MinimumVisualStudioVersion = 10.0.40219.1
Project("{FAE04EC0-301F-11D3-BF4B-00C04F79EFBC}") = "Demo", "Demo\Demo.csproj", "{D24D9B90-4CBA-4EA7-9B47-87F55CD60437}"
EndProject
Project("{2150E333-8FDC-42A3-9474-1A3956D46DE8}") = "TaskplannerDemo", "TaskplannerDemo", "{88A34467-9812-4A6C-8FEB-4FA0BCF1380E}"
EndProject
Project("{FAE04EC0-301F-11D3-BF4B-00C04F79EFBC}") = "TaskPlanner", "TaskPlanner\TaskPlanner.csproj", "{46058963-EFFB-417F-A1C0-692AC9224329}"
EndProject
Global
	GlobalSection(SolutionConfigurationPlatforms) = preSolution
		Debug|Any CPU = Debug|Any CPU
		Release|Any CPU = Release|Any CPU
	EndGlobalSection
	GlobalSection(ProjectConfigurationPlatforms) = postSolution
		{D24D9B90-4CBA-4EA7-9B47-87F55CD60437}.Debug|Any CPU.ActiveCfg = Debug|Any CPU
		{D24D9B90-4CBA-4EA7-9B47-87F55CD60437}.Debug|Any CPU.Build.0 = Debug|Any CPU
		{D24D9B90-4CBA-4EA7-9B47-87F55CD60437}.Release|Any CPU.ActiveCfg = Release|Any CPU
		{D24D9B90-4CBA-4EA7-9B47-87F55CD60437}.Release|Any CPU.Build.0 = Release|Any CPU
		{46058963-EFFB-417F-A1C0-692AC9224329}.Debug|Any CPU.ActiveCfg = Debug|Any CPU
		{46058963-EFFB-417F-A1C0-692AC9224329}.Debug|Any CPU.Build.0 = Debug|Any CPU
		{46058963-EFFB-417F-A1C0-692AC9224329}.Release|Any CPU.ActiveCfg = Release|Any CPU
		{46058963-EFFB-417F-A1C0-692AC9224329}.Release|Any CPU.Build.0 = Release|Any CPU
	EndGlobalSection
	GlobalSection(SolutionProperties) = preSolution
		HideSolutionNode = FALSE
	EndGlobalSection
	GlobalSection(NestedProjects) = preSolution
		{46058963-EFFB-417F-A1C0-692AC9224329} = {88A34467-9812-4A6C-8FEB-4FA0BCF1380E}
	EndGlobalSection
EndGlobal
