
Microsoft Visual Studio Solution File, Format Version 12.00
# Visual Studio 14
VisualStudioVersion = 14.0.25420.1
MinimumVisualStudioVersion = 10.0.40219.1
Project("{FAE04EC0-301F-11D3-BF4B-00C04F79EFBC}") = "Demo", "Demo\Demo.csproj", "{D24D9B90-4CBA-4EA7-9B47-87F55CD60437}"
EndProject
Project("{2150E333-8FDC-42A3-9474-1A3956D46DE8}") = "TaskplannerDemo", "TaskplannerDemo", "{88A34467-9812-4A6C-8FEB-4FA0BCF1380E}"
EndProject
Project("{FAE04EC0-301F-11D3-BF4B-00C04F79EFBC}") = "TaskPlanner", "TaskPlanner\TaskPlanner.csproj", "{46058963-EFFB-417F-A1C0-692AC9224329}"
EndProject
Project("{2150E333-8FDC-42A3-9474-1A3956D46DE8}") = "CefWeBrowserWpf", "CefWeBrowserWpf", "{D9CF00F9-AB7F-41F0-9A31-9014F2963BE4}"
EndProject
Project("{FAE04EC0-301F-11D3-BF4B-00C04F79EFBC}") = "CefWebBrowser", "CefWebBrowser\CefWebBrowser.csproj", "{93B70BA9-3F1A-4465-AA26-835683A00ABA}"
EndProject
Global
	GlobalSection(SolutionConfigurationPlatforms) = preSolution
		Debug|Any CPU = Debug|Any CPU
		Debug|x64 = Debug|x64
		Debug|x86 = Debug|x86
		Release|Any CPU = Release|Any CPU
		Release|x64 = Release|x64
		Release|x86 = Release|x86
	EndGlobalSection
	GlobalSection(ProjectConfigurationPlatforms) = postSolution
		{D24D9B90-4CBA-4EA7-9B47-87F55CD60437}.Debug|Any CPU.ActiveCfg = Debug|Any CPU
		{D24D9B90-4CBA-4EA7-9B47-87F55CD60437}.Debug|Any CPU.Build.0 = Debug|Any CPU
		{D24D9B90-4CBA-4EA7-9B47-87F55CD60437}.Debug|x64.ActiveCfg = Debug|x64
		{D24D9B90-4CBA-4EA7-9B47-87F55CD60437}.Debug|x64.Build.0 = Debug|x64
		{D24D9B90-4CBA-4EA7-9B47-87F55CD60437}.Debug|x86.ActiveCfg = Debug|x86
		{D24D9B90-4CBA-4EA7-9B47-87F55CD60437}.Debug|x86.Build.0 = Debug|x86
		{D24D9B90-4CBA-4EA7-9B47-87F55CD60437}.Release|Any CPU.ActiveCfg = Release|Any CPU
		{D24D9B90-4CBA-4EA7-9B47-87F55CD60437}.Release|Any CPU.Build.0 = Release|Any CPU
		{D24D9B90-4CBA-4EA7-9B47-87F55CD60437}.Release|x64.ActiveCfg = Release|x64
		{D24D9B90-4CBA-4EA7-9B47-87F55CD60437}.Release|x64.Build.0 = Release|x64
		{D24D9B90-4CBA-4EA7-9B47-87F55CD60437}.Release|x86.ActiveCfg = Release|x86
		{D24D9B90-4CBA-4EA7-9B47-87F55CD60437}.Release|x86.Build.0 = Release|x86
		{46058963-EFFB-417F-A1C0-692AC9224329}.Debug|Any CPU.ActiveCfg = Debug|Any CPU
		{46058963-EFFB-417F-A1C0-692AC9224329}.Debug|Any CPU.Build.0 = Debug|Any CPU
		{46058963-EFFB-417F-A1C0-692AC9224329}.Debug|x64.ActiveCfg = Debug|x64
		{46058963-EFFB-417F-A1C0-692AC9224329}.Debug|x64.Build.0 = Debug|x64
		{46058963-EFFB-417F-A1C0-692AC9224329}.Debug|x86.ActiveCfg = Debug|x86
		{46058963-EFFB-417F-A1C0-692AC9224329}.Debug|x86.Build.0 = Debug|x86
		{46058963-EFFB-417F-A1C0-692AC9224329}.Release|Any CPU.ActiveCfg = Release|Any CPU
		{46058963-EFFB-417F-A1C0-692AC9224329}.Release|Any CPU.Build.0 = Release|Any CPU
		{46058963-EFFB-417F-A1C0-692AC9224329}.Release|x64.ActiveCfg = Release|x64
		{46058963-EFFB-417F-A1C0-692AC9224329}.Release|x64.Build.0 = Release|x64
		{46058963-EFFB-417F-A1C0-692AC9224329}.Release|x86.ActiveCfg = Release|x86
		{46058963-EFFB-417F-A1C0-692AC9224329}.Release|x86.Build.0 = Release|x86
		{93B70BA9-3F1A-4465-AA26-835683A00ABA}.Debug|Any CPU.ActiveCfg = Debug|Any CPU
		{93B70BA9-3F1A-4465-AA26-835683A00ABA}.Debug|Any CPU.Build.0 = Debug|Any CPU
		{93B70BA9-3F1A-4465-AA26-835683A00ABA}.Debug|x64.ActiveCfg = Debug|x64
		{93B70BA9-3F1A-4465-AA26-835683A00ABA}.Debug|x64.Build.0 = Debug|x64
		{93B70BA9-3F1A-4465-AA26-835683A00ABA}.Debug|x86.ActiveCfg = Debug|x86
		{93B70BA9-3F1A-4465-AA26-835683A00ABA}.Debug|x86.Build.0 = Debug|x86
		{93B70BA9-3F1A-4465-AA26-835683A00ABA}.Release|Any CPU.ActiveCfg = Release|Any CPU
		{93B70BA9-3F1A-4465-AA26-835683A00ABA}.Release|Any CPU.Build.0 = Release|Any CPU
		{93B70BA9-3F1A-4465-AA26-835683A00ABA}.Release|x64.ActiveCfg = Release|x64
		{93B70BA9-3F1A-4465-AA26-835683A00ABA}.Release|x64.Build.0 = Release|x64
		{93B70BA9-3F1A-4465-AA26-835683A00ABA}.Release|x86.ActiveCfg = Release|x86
		{93B70BA9-3F1A-4465-AA26-835683A00ABA}.Release|x86.Build.0 = Release|x86
	EndGlobalSection
	GlobalSection(SolutionProperties) = preSolution
		HideSolutionNode = FALSE
	EndGlobalSection
	GlobalSection(NestedProjects) = preSolution
		{46058963-EFFB-417F-A1C0-692AC9224329} = {88A34467-9812-4A6C-8FEB-4FA0BCF1380E}
		{93B70BA9-3F1A-4465-AA26-835683A00ABA} = {D9CF00F9-AB7F-41F0-9A31-9014F2963BE4}
	EndGlobalSection
EndGlobal
